
Microsoft Visual Studio Solution File, Format Version 12.00
# Visual Studio Version 16
VisualStudioVersion = 16.0.31702.278
MinimumVisualStudioVersion = 10.0.40219.1
Project("{FAE04EC0-301F-11D3-BF4B-00C04F79EFBC}") = "Lab16-2WpfApp", "Lab16-2WpfApp\Lab16-2WpfApp.csproj", "{CCC0E36C-40BE-4220-BCE5-EB66BF706A31}"
EndProject
Global
	GlobalSection(SolutionConfigurationPlatforms) = preSolution
		Debug|Any CPU = Debug|Any CPU
		Release|Any CPU = Release|Any CPU
	EndGlobalSection
	GlobalSection(ProjectConfigurationPlatforms) = postSolution
		{CCC0E36C-40BE-4220-BCE5-EB66BF706A31}.Debug|Any CPU.ActiveCfg = Debug|Any CPU
		{CCC0E36C-40BE-4220-BCE5-EB66BF706A31}.Debug|Any CPU.Build.0 = Debug|Any CPU
		{CCC0E36C-40BE-4220-BCE5-EB66BF706A31}.Release|Any CPU.ActiveCfg = Release|Any CPU
		{CCC0E36C-40BE-4220-BCE5-EB66BF706A31}.Release|Any CPU.Build.0 = Release|Any CPU
	EndGlobalSection
	GlobalSection(SolutionProperties) = preSolution
		HideSolutionNode = FALSE
	EndGlobalSection
	GlobalSection(ExtensibilityGlobals) = postSolution
		SolutionGuid = {308311E0-FF85-48A5-8DFD-68AB66AD7A89}
	EndGlobalSection
EndGlobal
